// !$*UTF8*$!
{
	archiveVersion = 1;
	classes = {
	};
	objectVersion = 50;
	objects = {

/* Begin PBXBuildFile section */
		0A033BE522126BAD00C27068 /* GoogleService-Info.plist in Resources */ = {isa = PBXBuildFile; fileRef = 0A033BE422126BAD00C27068 /* GoogleService-Info.plist */; };
		0A033BEF22126E7F00C27068 /* Team.swift in Sources */ = {isa = PBXBuildFile; fileRef = 0A033BEE22126E7F00C27068 /* Team.swift */; };
		0A033BF122126F3500C27068 /* Competition.swift in Sources */ = {isa = PBXBuildFile; fileRef = 0A033BF022126F3500C27068 /* Competition.swift */; };
		0A033BF322126F4300C27068 /* Member.swift in Sources */ = {isa = PBXBuildFile; fileRef = 0A033BF222126F4300C27068 /* Member.swift */; };
		0A033BF522126FCF00C27068 /* Match.swift in Sources */ = {isa = PBXBuildFile; fileRef = 0A033BF422126FCF00C27068 /* Match.swift */; };
		0A033BF72212709C00C27068 /* ScoutingTeam.swift in Sources */ = {isa = PBXBuildFile; fileRef = 0A033BF62212709C00C27068 /* ScoutingTeam.swift */; };
		0A033BF92212711F00C27068 /* ScoutingData.swift in Sources */ = {isa = PBXBuildFile; fileRef = 0A033BF82212711F00C27068 /* ScoutingData.swift */; };
		0A033C0122138FD600C27068 /* LoginViewController.swift in Sources */ = {isa = PBXBuildFile; fileRef = 0A033BFF22138FD600C27068 /* LoginViewController.swift */; };
		0A033C0222138FD600C27068 /* LoginViewController.xib in Resources */ = {isa = PBXBuildFile; fileRef = 0A033C0022138FD600C27068 /* LoginViewController.xib */; };
		0A033C0722139DE700C27068 /* CompetitionTableViewController.swift in Sources */ = {isa = PBXBuildFile; fileRef = 0A033C0522139DE700C27068 /* CompetitionTableViewController.swift */; };
		0A033C0822139DE700C27068 /* CompetitionTableViewController.xib in Resources */ = {isa = PBXBuildFile; fileRef = 0A033C0622139DE700C27068 /* CompetitionTableViewController.xib */; };
		0A033C0B22139E0B00C27068 /* AddCompetitionViewController.swift in Sources */ = {isa = PBXBuildFile; fileRef = 0A033C0922139E0B00C27068 /* AddCompetitionViewController.swift */; };
		0A033C0C22139E0B00C27068 /* AddCompetitionViewController.xib in Resources */ = {isa = PBXBuildFile; fileRef = 0A033C0A22139E0B00C27068 /* AddCompetitionViewController.xib */; };
		0A033C0F2213B5B900C27068 /* TOAGrab.swift in Sources */ = {isa = PBXBuildFile; fileRef = 0A033C0E2213B5B900C27068 /* TOAGrab.swift */; };
		0A033C122213C8A600C27068 /* NewTeamViewController.swift in Sources */ = {isa = PBXBuildFile; fileRef = 0A033C102213C8A600C27068 /* NewTeamViewController.swift */; };
		0A033C132213C8A600C27068 /* NewTeamViewController.xib in Resources */ = {isa = PBXBuildFile; fileRef = 0A033C112213C8A600C27068 /* NewTeamViewController.xib */; };
		0A44442A2215E63400F8D987 /* EncodableExt.swift in Sources */ = {isa = PBXBuildFile; fileRef = 0A4444292215E63400F8D987 /* EncodableExt.swift */; };
		0A44442C2215FAE200F8D987 /* FirebaseParse.swift in Sources */ = {isa = PBXBuildFile; fileRef = 0A44442B2215FAE200F8D987 /* FirebaseParse.swift */; };
		0A44443422165DF600F8D987 /* FirebaseGrab.swift in Sources */ = {isa = PBXBuildFile; fileRef = 0A44443322165DF600F8D987 /* FirebaseGrab.swift */; };
		0A4444362217032200F8D987 /* FirebaseData.swift in Sources */ = {isa = PBXBuildFile; fileRef = 0A4444352217032200F8D987 /* FirebaseData.swift */; };
		0A44443A2217706300F8D987 /* NewMatchViewController.swift in Sources */ = {isa = PBXBuildFile; fileRef = 0A4444382217706300F8D987 /* NewMatchViewController.swift */; };
		0A44443B2217706300F8D987 /* NewMatchViewController.xib in Resources */ = {isa = PBXBuildFile; fileRef = 0A4444392217706300F8D987 /* NewMatchViewController.xib */; };
		0A44443E221852F000F8D987 /* TeamSelectViewController.swift in Sources */ = {isa = PBXBuildFile; fileRef = 0A44443C221852F000F8D987 /* TeamSelectViewController.swift */; };
		0A44443F221852F000F8D987 /* TeamSelectViewController.xib in Resources */ = {isa = PBXBuildFile; fileRef = 0A44443D221852F000F8D987 /* TeamSelectViewController.xib */; };
		0A4444412218767100F8D987 /* Path.swift in Sources */ = {isa = PBXBuildFile; fileRef = 0A4444402218767100F8D987 /* Path.swift */; };
		0A45DDAE221A02B500AE5303 /* MatchDetailViewController.swift in Sources */ = {isa = PBXBuildFile; fileRef = 0A45DDAC221A02B500AE5303 /* MatchDetailViewController.swift */; };
		0A45DDAF221A02B500AE5303 /* MatchDetailViewController.xib in Resources */ = {isa = PBXBuildFile; fileRef = 0A45DDAD221A02B500AE5303 /* MatchDetailViewController.xib */; };
		0A45DDB3221BB33C00AE5303 /* AnalysisViewController.swift in Sources */ = {isa = PBXBuildFile; fileRef = 0A45DDB1221BB33C00AE5303 /* AnalysisViewController.swift */; };
		0A45DDB4221BB33C00AE5303 /* AnalysisViewController.xib in Resources */ = {isa = PBXBuildFile; fileRef = 0A45DDB2221BB33C00AE5303 /* AnalysisViewController.xib */; };
		0A45DDB6221BB53A00AE5303 /* TeamAnalysisList.swift in Sources */ = {isa = PBXBuildFile; fileRef = 0A45DDB5221BB53A00AE5303 /* TeamAnalysisList.swift */; };
		0A8AA2F8220008BA00E24F01 /* InitScoutViewController.swift in Sources */ = {isa = PBXBuildFile; fileRef = 0A8AA2F6220008BA00E24F01 /* InitScoutViewController.swift */; };
		0A8AA2F9220008BA00E24F01 /* InitScoutViewController.xib in Resources */ = {isa = PBXBuildFile; fileRef = 0A8AA2F7220008BA00E24F01 /* InitScoutViewController.xib */; };
		0A8AA2FC220008C900E24F01 /* ScoutViewController.swift in Sources */ = {isa = PBXBuildFile; fileRef = 0A8AA2FA220008C900E24F01 /* ScoutViewController.swift */; };
		0A8AA2FD220008C900E24F01 /* ScoutViewController.xib in Resources */ = {isa = PBXBuildFile; fileRef = 0A8AA2FB220008C900E24F01 /* ScoutViewController.xib */; };
		0A8AA300220008D800E24F01 /* TeamDetailViewController.swift in Sources */ = {isa = PBXBuildFile; fileRef = 0A8AA2FE220008D800E24F01 /* TeamDetailViewController.swift */; };
		0A8AA301220008D800E24F01 /* TeamDetailViewController.xib in Resources */ = {isa = PBXBuildFile; fileRef = 0A8AA2FF220008D800E24F01 /* TeamDetailViewController.xib */; };
		0AEC5C2121F54F71006CEE45 /* AppDelegate.swift in Sources */ = {isa = PBXBuildFile; fileRef = 0AEC5C2021F54F71006CEE45 /* AppDelegate.swift */; };
		0AEC5C2321F54F71006CEE45 /* TeamsViewController.swift in Sources */ = {isa = PBXBuildFile; fileRef = 0AEC5C2221F54F71006CEE45 /* TeamsViewController.swift */; };
		0AEC5C2521F54F71006CEE45 /* MatchTableViewController.swift in Sources */ = {isa = PBXBuildFile; fileRef = 0AEC5C2421F54F71006CEE45 /* MatchTableViewController.swift */; };
		0AEC5C2821F54F71006CEE45 /* Main.storyboard in Resources */ = {isa = PBXBuildFile; fileRef = 0AEC5C2621F54F71006CEE45 /* Main.storyboard */; };
		0AEC5C2A21F54F73006CEE45 /* Assets.xcassets in Resources */ = {isa = PBXBuildFile; fileRef = 0AEC5C2921F54F73006CEE45 /* Assets.xcassets */; };
		0AEC5C2D21F54F73006CEE45 /* LaunchScreen.storyboard in Resources */ = {isa = PBXBuildFile; fileRef = 0AEC5C2B21F54F73006CEE45 /* LaunchScreen.storyboard */; };
		6C195787C65BD71E54A5F551 /* Pods_JavaScouting2019.framework in Frameworks */ = {isa = PBXBuildFile; fileRef = 417A4E64BC3ECD3D110C4EB9 /* Pods_JavaScouting2019.framework */; };
/* End PBXBuildFile section */

/* Begin PBXFileReference section */
		0A033BE422126BAD00C27068 /* GoogleService-Info.plist */ = {isa = PBXFileReference; fileEncoding = 4; lastKnownFileType = text.plist.xml; path = "GoogleService-Info.plist"; sourceTree = "<group>"; };
		0A033BEE22126E7F00C27068 /* Team.swift */ = {isa = PBXFileReference; lastKnownFileType = sourcecode.swift; path = Team.swift; sourceTree = "<group>"; };
		0A033BF022126F3500C27068 /* Competition.swift */ = {isa = PBXFileReference; lastKnownFileType = sourcecode.swift; path = Competition.swift; sourceTree = "<group>"; };
		0A033BF222126F4300C27068 /* Member.swift */ = {isa = PBXFileReference; lastKnownFileType = sourcecode.swift; path = Member.swift; sourceTree = "<group>"; };
		0A033BF422126FCF00C27068 /* Match.swift */ = {isa = PBXFileReference; lastKnownFileType = sourcecode.swift; path = Match.swift; sourceTree = "<group>"; };
		0A033BF62212709C00C27068 /* ScoutingTeam.swift */ = {isa = PBXFileReference; lastKnownFileType = sourcecode.swift; path = ScoutingTeam.swift; sourceTree = "<group>"; };
		0A033BF82212711F00C27068 /* ScoutingData.swift */ = {isa = PBXFileReference; lastKnownFileType = sourcecode.swift; path = ScoutingData.swift; sourceTree = "<group>"; };
		0A033BFF22138FD600C27068 /* LoginViewController.swift */ = {isa = PBXFileReference; lastKnownFileType = sourcecode.swift; path = LoginViewController.swift; sourceTree = "<group>"; };
		0A033C0022138FD600C27068 /* LoginViewController.xib */ = {isa = PBXFileReference; lastKnownFileType = file.xib; path = LoginViewController.xib; sourceTree = "<group>"; };
		0A033C0522139DE700C27068 /* CompetitionTableViewController.swift */ = {isa = PBXFileReference; lastKnownFileType = sourcecode.swift; path = CompetitionTableViewController.swift; sourceTree = "<group>"; };
		0A033C0622139DE700C27068 /* CompetitionTableViewController.xib */ = {isa = PBXFileReference; lastKnownFileType = file.xib; path = CompetitionTableViewController.xib; sourceTree = "<group>"; };
		0A033C0922139E0B00C27068 /* AddCompetitionViewController.swift */ = {isa = PBXFileReference; lastKnownFileType = sourcecode.swift; path = AddCompetitionViewController.swift; sourceTree = "<group>"; };
		0A033C0A22139E0B00C27068 /* AddCompetitionViewController.xib */ = {isa = PBXFileReference; lastKnownFileType = file.xib; path = AddCompetitionViewController.xib; sourceTree = "<group>"; };
		0A033C0E2213B5B900C27068 /* TOAGrab.swift */ = {isa = PBXFileReference; lastKnownFileType = sourcecode.swift; path = TOAGrab.swift; sourceTree = "<group>"; };
		0A033C102213C8A600C27068 /* NewTeamViewController.swift */ = {isa = PBXFileReference; lastKnownFileType = sourcecode.swift; path = NewTeamViewController.swift; sourceTree = "<group>"; };
		0A033C112213C8A600C27068 /* NewTeamViewController.xib */ = {isa = PBXFileReference; lastKnownFileType = file.xib; path = NewTeamViewController.xib; sourceTree = "<group>"; };
		0A4444292215E63400F8D987 /* EncodableExt.swift */ = {isa = PBXFileReference; lastKnownFileType = sourcecode.swift; path = EncodableExt.swift; sourceTree = "<group>"; };
		0A44442B2215FAE200F8D987 /* FirebaseParse.swift */ = {isa = PBXFileReference; lastKnownFileType = sourcecode.swift; path = FirebaseParse.swift; sourceTree = "<group>"; };
		0A44443322165DF600F8D987 /* FirebaseGrab.swift */ = {isa = PBXFileReference; lastKnownFileType = sourcecode.swift; path = FirebaseGrab.swift; sourceTree = "<group>"; };
		0A4444352217032200F8D987 /* FirebaseData.swift */ = {isa = PBXFileReference; lastKnownFileType = sourcecode.swift; name = FirebaseData.swift; path = ../FirebaseData.swift; sourceTree = "<group>"; };
		0A4444382217706300F8D987 /* NewMatchViewController.swift */ = {isa = PBXFileReference; lastKnownFileType = sourcecode.swift; path = NewMatchViewController.swift; sourceTree = "<group>"; };
		0A4444392217706300F8D987 /* NewMatchViewController.xib */ = {isa = PBXFileReference; lastKnownFileType = file.xib; path = NewMatchViewController.xib; sourceTree = "<group>"; };
		0A44443C221852F000F8D987 /* TeamSelectViewController.swift */ = {isa = PBXFileReference; lastKnownFileType = sourcecode.swift; path = TeamSelectViewController.swift; sourceTree = "<group>"; };
		0A44443D221852F000F8D987 /* TeamSelectViewController.xib */ = {isa = PBXFileReference; lastKnownFileType = file.xib; path = TeamSelectViewController.xib; sourceTree = "<group>"; };
		0A4444402218767100F8D987 /* Path.swift */ = {isa = PBXFileReference; lastKnownFileType = sourcecode.swift; path = Path.swift; sourceTree = "<group>"; };
		0A45DDAC221A02B500AE5303 /* MatchDetailViewController.swift */ = {isa = PBXFileReference; lastKnownFileType = sourcecode.swift; path = MatchDetailViewController.swift; sourceTree = "<group>"; };
		0A45DDAD221A02B500AE5303 /* MatchDetailViewController.xib */ = {isa = PBXFileReference; lastKnownFileType = file.xib; path = MatchDetailViewController.xib; sourceTree = "<group>"; };
		0A45DDB1221BB33C00AE5303 /* AnalysisViewController.swift */ = {isa = PBXFileReference; lastKnownFileType = sourcecode.swift; path = AnalysisViewController.swift; sourceTree = "<group>"; };
		0A45DDB2221BB33C00AE5303 /* AnalysisViewController.xib */ = {isa = PBXFileReference; lastKnownFileType = file.xib; path = AnalysisViewController.xib; sourceTree = "<group>"; };
		0A45DDB5221BB53A00AE5303 /* TeamAnalysisList.swift */ = {isa = PBXFileReference; lastKnownFileType = sourcecode.swift; path = TeamAnalysisList.swift; sourceTree = "<group>"; };
		0A8AA2F6220008BA00E24F01 /* InitScoutViewController.swift */ = {isa = PBXFileReference; lastKnownFileType = sourcecode.swift; path = InitScoutViewController.swift; sourceTree = "<group>"; };
		0A8AA2F7220008BA00E24F01 /* InitScoutViewController.xib */ = {isa = PBXFileReference; lastKnownFileType = file.xib; name = InitScoutViewController.xib; path = ../InitScoutViewController.xib; sourceTree = "<group>"; };
		0A8AA2FA220008C900E24F01 /* ScoutViewController.swift */ = {isa = PBXFileReference; lastKnownFileType = sourcecode.swift; name = ScoutViewController.swift; path = "../New Group/ScoutViewController.swift"; sourceTree = "<group>"; };
		0A8AA2FB220008C900E24F01 /* ScoutViewController.xib */ = {isa = PBXFileReference; lastKnownFileType = file.xib; path = ScoutViewController.xib; sourceTree = "<group>"; };
		0A8AA2FE220008D800E24F01 /* TeamDetailViewController.swift */ = {isa = PBXFileReference; lastKnownFileType = sourcecode.swift; path = TeamDetailViewController.swift; sourceTree = "<group>"; };
		0A8AA2FF220008D800E24F01 /* TeamDetailViewController.xib */ = {isa = PBXFileReference; lastKnownFileType = file.xib; path = TeamDetailViewController.xib; sourceTree = "<group>"; };
		0AEC5C1D21F54F71006CEE45 /* JavaScouting2019.app */ = {isa = PBXFileReference; explicitFileType = wrapper.application; includeInIndex = 0; path = JavaScouting2019.app; sourceTree = BUILT_PRODUCTS_DIR; };
		0AEC5C2021F54F71006CEE45 /* AppDelegate.swift */ = {isa = PBXFileReference; lastKnownFileType = sourcecode.swift; path = AppDelegate.swift; sourceTree = "<group>"; };
		0AEC5C2221F54F71006CEE45 /* TeamsViewController.swift */ = {isa = PBXFileReference; lastKnownFileType = sourcecode.swift; path = TeamsViewController.swift; sourceTree = "<group>"; };
		0AEC5C2421F54F71006CEE45 /* MatchTableViewController.swift */ = {isa = PBXFileReference; lastKnownFileType = sourcecode.swift; path = MatchTableViewController.swift; sourceTree = "<group>"; };
		0AEC5C2721F54F71006CEE45 /* Base */ = {isa = PBXFileReference; lastKnownFileType = file.storyboard; name = Base; path = Base.lproj/Main.storyboard; sourceTree = "<group>"; };
		0AEC5C2921F54F73006CEE45 /* Assets.xcassets */ = {isa = PBXFileReference; lastKnownFileType = folder.assetcatalog; path = Assets.xcassets; sourceTree = "<group>"; };
		0AEC5C2C21F54F73006CEE45 /* Base */ = {isa = PBXFileReference; lastKnownFileType = file.storyboard; name = Base; path = Base.lproj/LaunchScreen.storyboard; sourceTree = "<group>"; };
		0AEC5C2E21F54F73006CEE45 /* Info.plist */ = {isa = PBXFileReference; lastKnownFileType = text.plist.xml; path = Info.plist; sourceTree = "<group>"; };
		39AF6AA7BA8A8E3EA0240D9E /* Pods-JavaScouting2019.debug.xcconfig */ = {isa = PBXFileReference; includeInIndex = 1; lastKnownFileType = text.xcconfig; name = "Pods-JavaScouting2019.debug.xcconfig"; path = "Pods/Target Support Files/Pods-JavaScouting2019/Pods-JavaScouting2019.debug.xcconfig"; sourceTree = "<group>"; };
		417A4E64BC3ECD3D110C4EB9 /* Pods_JavaScouting2019.framework */ = {isa = PBXFileReference; explicitFileType = wrapper.framework; includeInIndex = 0; path = Pods_JavaScouting2019.framework; sourceTree = BUILT_PRODUCTS_DIR; };
		DAFBB98DFA31AE544FA84BB3 /* Pods-JavaScouting2019.release.xcconfig */ = {isa = PBXFileReference; includeInIndex = 1; lastKnownFileType = text.xcconfig; name = "Pods-JavaScouting2019.release.xcconfig"; path = "Pods/Target Support Files/Pods-JavaScouting2019/Pods-JavaScouting2019.release.xcconfig"; sourceTree = "<group>"; };
/* End PBXFileReference section */

/* Begin PBXFrameworksBuildPhase section */
		0AEC5C1A21F54F71006CEE45 /* Frameworks */ = {
			isa = PBXFrameworksBuildPhase;
			buildActionMask = 2147483647;
			files = (
				6C195787C65BD71E54A5F551 /* Pods_JavaScouting2019.framework in Frameworks */,
			);
			runOnlyForDeploymentPostprocessing = 0;
		};
/* End PBXFrameworksBuildPhase section */

/* Begin PBXGroup section */
		0A033BE622126D9200C27068 /* DataStructure */ = {
			isa = PBXGroup;
			children = (
				0A033BE722126DA000C27068 /* Team */,
				0A4444292215E63400F8D987 /* EncodableExt.swift */,
			);
			path = DataStructure;
			sourceTree = "<group>";
		};
		0A033BE722126DA000C27068 /* Team */ = {
			isa = PBXGroup;
			children = (
				0A033BEE22126E7F00C27068 /* Team.swift */,
				0A033BEA22126E1E00C27068 /* Competition */,
				0A033BE822126DB200C27068 /* Member */,
			);
			path = Team;
			sourceTree = "<group>";
		};
		0A033BE822126DB200C27068 /* Member */ = {
			isa = PBXGroup;
			children = (
				0A033BF222126F4300C27068 /* Member.swift */,
			);
			path = Member;
			sourceTree = "<group>";
		};
		0A033BEA22126E1E00C27068 /* Competition */ = {
			isa = PBXGroup;
			children = (
				0A033BF022126F3500C27068 /* Competition.swift */,
				0A033BEC22126E4500C27068 /* Match */,
				0A033BEB22126E2B00C27068 /* ScoutingTeam */,
				0A45DDB5221BB53A00AE5303 /* TeamAnalysisList.swift */,
			);
			path = Competition;
			sourceTree = "<group>";
		};
		0A033BEB22126E2B00C27068 /* ScoutingTeam */ = {
			isa = PBXGroup;
			children = (
				0A033BF62212709C00C27068 /* ScoutingTeam.swift */,
				0A033BED22126E5300C27068 /* ScoutingData */,
			);
			path = ScoutingTeam;
			sourceTree = "<group>";
		};
		0A033BEC22126E4500C27068 /* Match */ = {
			isa = PBXGroup;
			children = (
				0A033BF422126FCF00C27068 /* Match.swift */,
			);
			path = Match;
			sourceTree = "<group>";
		};
		0A033BED22126E5300C27068 /* ScoutingData */ = {
			isa = PBXGroup;
			children = (
				0A033BF82212711F00C27068 /* ScoutingData.swift */,
			);
			path = ScoutingData;
			sourceTree = "<group>";
		};
		0A033BFA22138F5600C27068 /* Onboarding */ = {
			isa = PBXGroup;
			children = (
				0A033BFF22138FD600C27068 /* LoginViewController.swift */,
				0A033C0022138FD600C27068 /* LoginViewController.xib */,
			);
			path = Onboarding;
			sourceTree = "<group>";
		};
		0A033C0322139C8400C27068 /* Competitions */ = {
			isa = PBXGroup;
			children = (
				0A033C0922139E0B00C27068 /* AddCompetitionViewController.swift */,
				0A033C0522139DE700C27068 /* CompetitionTableViewController.swift */,
				0A033C0622139DE700C27068 /* CompetitionTableViewController.xib */,
				0A033C0A22139E0B00C27068 /* AddCompetitionViewController.xib */,
				0A8AA2F52200089100E24F01 /* Teams */,
				0A033C0D22139E4F00C27068 /* Matches */,
				0A45DDB0221BB19200AE5303 /* Analysis */,
			);
			path = Competitions;
			sourceTree = "<group>";
		};
		0A033C0422139CBF00C27068 /* Scouting */ = {
			isa = PBXGroup;
			children = (
				0A8AA2F6220008BA00E24F01 /* InitScoutViewController.swift */,
				0A8AA2FA220008C900E24F01 /* ScoutViewController.swift */,
				0A8AA2F7220008BA00E24F01 /* InitScoutViewController.xib */,
				0A8AA2FB220008C900E24F01 /* ScoutViewController.xib */,
			);
			path = Scouting;
			sourceTree = "<group>";
		};
		0A033C0D22139E4F00C27068 /* Matches */ = {
			isa = PBXGroup;
			children = (
				0AEC5C2421F54F71006CEE45 /* MatchTableViewController.swift */,
				0A4444382217706300F8D987 /* NewMatchViewController.swift */,
				0A44443C221852F000F8D987 /* TeamSelectViewController.swift */,
				0A45DDAC221A02B500AE5303 /* MatchDetailViewController.swift */,
				0A4444392217706300F8D987 /* NewMatchViewController.xib */,
				0A44443D221852F000F8D987 /* TeamSelectViewController.xib */,
				0A45DDAD221A02B500AE5303 /* MatchDetailViewController.xib */,
			);
			path = Matches;
			sourceTree = "<group>";
		};
		0A4444372217502D00F8D987 /* Data */ = {
			isa = PBXGroup;
			children = (
				0A033BE622126D9200C27068 /* DataStructure */,
				0A033C0E2213B5B900C27068 /* TOAGrab.swift */,
				0A44442B2215FAE200F8D987 /* FirebaseParse.swift */,
				0A44443322165DF600F8D987 /* FirebaseGrab.swift */,
				0A4444352217032200F8D987 /* FirebaseData.swift */,
				0A4444402218767100F8D987 /* Path.swift */,
			);
			path = Data;
			sourceTree = "<group>";
		};
		0A45DDB0221BB19200AE5303 /* Analysis */ = {
			isa = PBXGroup;
			children = (
				0A45DDB1221BB33C00AE5303 /* AnalysisViewController.swift */,
				0A45DDB2221BB33C00AE5303 /* AnalysisViewController.xib */,
			);
			path = Analysis;
			sourceTree = "<group>";
		};
		0A45DDB7221F9A6900AE5303 /* ViewControllers */ = {
			isa = PBXGroup;
			children = (
				0A033BFA22138F5600C27068 /* Onboarding */,
				0A033C0322139C8400C27068 /* Competitions */,
			);
			path = ViewControllers;
			sourceTree = "<group>";
		};
		0A8AA2F52200089100E24F01 /* Teams */ = {
			isa = PBXGroup;
			children = (
				0A033C0422139CBF00C27068 /* Scouting */,
				0AEC5C2221F54F71006CEE45 /* TeamsViewController.swift */,
				0A8AA2FE220008D800E24F01 /* TeamDetailViewController.swift */,
				0A033C102213C8A600C27068 /* NewTeamViewController.swift */,
				0A033C112213C8A600C27068 /* NewTeamViewController.xib */,
				0A8AA2FF220008D800E24F01 /* TeamDetailViewController.xib */,
			);
			path = Teams;
			sourceTree = "<group>";
		};
		0AEC5C1421F54F71006CEE45 = {
			isa = PBXGroup;
			children = (
				0A033BE422126BAD00C27068 /* GoogleService-Info.plist */,
				0AEC5C1F21F54F71006CEE45 /* JavaScouting2019 */,
				0AEC5C1E21F54F71006CEE45 /* Products */,
				594FC2EC18DBDDB0EB9179E9 /* Pods */,
				15005C2FB609DEC17CAD2C7F /* Frameworks */,
			);
			sourceTree = "<group>";
		};
		0AEC5C1E21F54F71006CEE45 /* Products */ = {
			isa = PBXGroup;
			children = (
				0AEC5C1D21F54F71006CEE45 /* JavaScouting2019.app */,
			);
			name = Products;
			sourceTree = "<group>";
		};
		0AEC5C1F21F54F71006CEE45 /* JavaScouting2019 */ = {
			isa = PBXGroup;
			children = (
				0AEC5C2E21F54F73006CEE45 /* Info.plist */,
				0AEC5C2621F54F71006CEE45 /* Main.storyboard */,
				0AEC5C2921F54F73006CEE45 /* Assets.xcassets */,
				0AEC5C2B21F54F73006CEE45 /* LaunchScreen.storyboard */,
				0AEC5C2021F54F71006CEE45 /* AppDelegate.swift */,
				0A45DDB7221F9A6900AE5303 /* ViewControllers */,
				0A4444372217502D00F8D987 /* Data */,
			);
			path = JavaScouting2019;
			sourceTree = "<group>";
		};
		15005C2FB609DEC17CAD2C7F /* Frameworks */ = {
			isa = PBXGroup;
			children = (
				417A4E64BC3ECD3D110C4EB9 /* Pods_JavaScouting2019.framework */,
			);
			name = Frameworks;
			sourceTree = "<group>";
		};
		594FC2EC18DBDDB0EB9179E9 /* Pods */ = {
			isa = PBXGroup;
			children = (
				39AF6AA7BA8A8E3EA0240D9E /* Pods-JavaScouting2019.debug.xcconfig */,
				DAFBB98DFA31AE544FA84BB3 /* Pods-JavaScouting2019.release.xcconfig */,
			);
			name = Pods;
			sourceTree = "<group>";
		};
/* End PBXGroup section */

/* Begin PBXNativeTarget section */
		0AEC5C1C21F54F71006CEE45 /* JavaScouting2019 */ = {
			isa = PBXNativeTarget;
			buildConfigurationList = 0AEC5C3121F54F73006CEE45 /* Build configuration list for PBXNativeTarget "JavaScouting2019" */;
			buildPhases = (
				EABFCD6EE272F0A4220B43E5 /* [CP] Check Pods Manifest.lock */,
				0AEC5C1921F54F71006CEE45 /* Sources */,
				0AEC5C1A21F54F71006CEE45 /* Frameworks */,
				0AEC5C1B21F54F71006CEE45 /* Resources */,
				D385D505640FEBBFBA40322B /* [CP] Embed Pods Frameworks */,
			);
			buildRules = (
			);
			dependencies = (
			);
			name = JavaScouting2019;
			productName = JavaScouting2019;
			productReference = 0AEC5C1D21F54F71006CEE45 /* JavaScouting2019.app */;
			productType = "com.apple.product-type.application";
		};
/* End PBXNativeTarget section */

/* Begin PBXProject section */
		0AEC5C1521F54F71006CEE45 /* Project object */ = {
			isa = PBXProject;
			attributes = {
				LastSwiftUpdateCheck = 1010;
				LastUpgradeCheck = 1010;
				ORGANIZATIONNAME = JavaScouts;
				TargetAttributes = {
					0AEC5C1C21F54F71006CEE45 = {
						CreatedOnToolsVersion = 10.1;
					};
				};
			};
			buildConfigurationList = 0AEC5C1821F54F71006CEE45 /* Build configuration list for PBXProject "JavaScouting2019" */;
			compatibilityVersion = "Xcode 9.3";
			developmentRegion = en;
			hasScannedForEncodings = 0;
			knownRegions = (
				en,
				Base,
			);
			mainGroup = 0AEC5C1421F54F71006CEE45;
			productRefGroup = 0AEC5C1E21F54F71006CEE45 /* Products */;
			projectDirPath = "";
			projectRoot = "";
			targets = (
				0AEC5C1C21F54F71006CEE45 /* JavaScouting2019 */,
			);
		};
/* End PBXProject section */

/* Begin PBXResourcesBuildPhase section */
		0AEC5C1B21F54F71006CEE45 /* Resources */ = {
			isa = PBXResourcesBuildPhase;
			buildActionMask = 2147483647;
			files = (
				0A45DDB4221BB33C00AE5303 /* AnalysisViewController.xib in Resources */,
				0A033C0222138FD600C27068 /* LoginViewController.xib in Resources */,
				0AEC5C2D21F54F73006CEE45 /* LaunchScreen.storyboard in Resources */,
				0AEC5C2A21F54F73006CEE45 /* Assets.xcassets in Resources */,
				0A45DDAF221A02B500AE5303 /* MatchDetailViewController.xib in Resources */,
				0A8AA2FD220008C900E24F01 /* ScoutViewController.xib in Resources */,
				0AEC5C2821F54F71006CEE45 /* Main.storyboard in Resources */,
				0A44443B2217706300F8D987 /* NewMatchViewController.xib in Resources */,
				0A033C0822139DE700C27068 /* CompetitionTableViewController.xib in Resources */,
				0A033C132213C8A600C27068 /* NewTeamViewController.xib in Resources */,
				0A033C0C22139E0B00C27068 /* AddCompetitionViewController.xib in Resources */,
				0A8AA2F9220008BA00E24F01 /* InitScoutViewController.xib in Resources */,
				0A44443F221852F000F8D987 /* TeamSelectViewController.xib in Resources */,
				0A8AA301220008D800E24F01 /* TeamDetailViewController.xib in Resources */,
				0A033BE522126BAD00C27068 /* GoogleService-Info.plist in Resources */,
			);
			runOnlyForDeploymentPostprocessing = 0;
		};
/* End PBXResourcesBuildPhase section */

/* Begin PBXShellScriptBuildPhase section */
		D385D505640FEBBFBA40322B /* [CP] Embed Pods Frameworks */ = {
			isa = PBXShellScriptBuildPhase;
			buildActionMask = 2147483647;
			files = (
			);
			inputFileListPaths = (
			);
			inputPaths = (
				"${SRCROOT}/Pods/Target Support Files/Pods-JavaScouting2019/Pods-JavaScouting2019-frameworks.sh",
				"${BUILT_PRODUCTS_DIR}/BoringSSL-GRPC/openssl_grpc.framework",
				"${BUILT_PRODUCTS_DIR}/GTMSessionFetcher/GTMSessionFetcher.framework",
				"${BUILT_PRODUCTS_DIR}/GoogleUtilities/GoogleUtilities.framework",
				"${BUILT_PRODUCTS_DIR}/MDFInternationalization/MDFInternationalization.framework",
				"${BUILT_PRODUCTS_DIR}/MDFTextAccessibility/MDFTextAccessibility.framework",
				"${BUILT_PRODUCTS_DIR}/MaterialComponents/MaterialComponents.framework",
				"${BUILT_PRODUCTS_DIR}/MotionAnimator/MotionAnimator.framework",
				"${BUILT_PRODUCTS_DIR}/MotionInterchange/MotionInterchange.framework",
				"${BUILT_PRODUCTS_DIR}/MotionTransitioning/MotionTransitioning.framework",
				"${BUILT_PRODUCTS_DIR}/Protobuf/Protobuf.framework",
				"${BUILT_PRODUCTS_DIR}/gRPC-C++/grpcpp.framework",
				"${BUILT_PRODUCTS_DIR}/gRPC-Core/grpc.framework",
				"${BUILT_PRODUCTS_DIR}/leveldb-library/leveldb.framework",
				"${BUILT_PRODUCTS_DIR}/nanopb/nanopb.framework",
			);
			name = "[CP] Embed Pods Frameworks";
			outputFileListPaths = (
			);
			outputPaths = (
				"${TARGET_BUILD_DIR}/${FRAMEWORKS_FOLDER_PATH}/openssl_grpc.framework",
				"${TARGET_BUILD_DIR}/${FRAMEWORKS_FOLDER_PATH}/GTMSessionFetcher.framework",
				"${TARGET_BUILD_DIR}/${FRAMEWORKS_FOLDER_PATH}/GoogleUtilities.framework",
				"${TARGET_BUILD_DIR}/${FRAMEWORKS_FOLDER_PATH}/MDFInternationalization.framework",
				"${TARGET_BUILD_DIR}/${FRAMEWORKS_FOLDER_PATH}/MDFTextAccessibility.framework",
				"${TARGET_BUILD_DIR}/${FRAMEWORKS_FOLDER_PATH}/MaterialComponents.framework",
				"${TARGET_BUILD_DIR}/${FRAMEWORKS_FOLDER_PATH}/MotionAnimator.framework",
				"${TARGET_BUILD_DIR}/${FRAMEWORKS_FOLDER_PATH}/MotionInterchange.framework",
				"${TARGET_BUILD_DIR}/${FRAMEWORKS_FOLDER_PATH}/MotionTransitioning.framework",
				"${TARGET_BUILD_DIR}/${FRAMEWORKS_FOLDER_PATH}/Protobuf.framework",
				"${TARGET_BUILD_DIR}/${FRAMEWORKS_FOLDER_PATH}/grpcpp.framework",
				"${TARGET_BUILD_DIR}/${FRAMEWORKS_FOLDER_PATH}/grpc.framework",
				"${TARGET_BUILD_DIR}/${FRAMEWORKS_FOLDER_PATH}/leveldb.framework",
				"${TARGET_BUILD_DIR}/${FRAMEWORKS_FOLDER_PATH}/nanopb.framework",
			);
			runOnlyForDeploymentPostprocessing = 0;
			shellPath = /bin/sh;
			shellScript = "\"${SRCROOT}/Pods/Target Support Files/Pods-JavaScouting2019/Pods-JavaScouting2019-frameworks.sh\"\n";
			showEnvVarsInLog = 0;
		};
		EABFCD6EE272F0A4220B43E5 /* [CP] Check Pods Manifest.lock */ = {
			isa = PBXShellScriptBuildPhase;
			buildActionMask = 2147483647;
			files = (
			);
			inputFileListPaths = (
			);
			inputPaths = (
				"${PODS_PODFILE_DIR_PATH}/Podfile.lock",
				"${PODS_ROOT}/Manifest.lock",
			);
			name = "[CP] Check Pods Manifest.lock";
			outputFileListPaths = (
			);
			outputPaths = (
				"$(DERIVED_FILE_DIR)/Pods-JavaScouting2019-checkManifestLockResult.txt",
			);
			runOnlyForDeploymentPostprocessing = 0;
			shellPath = /bin/sh;
			shellScript = "diff \"${PODS_PODFILE_DIR_PATH}/Podfile.lock\" \"${PODS_ROOT}/Manifest.lock\" > /dev/null\nif [ $? != 0 ] ; then\n    # print error to STDERR\n    echo \"error: The sandbox is not in sync with the Podfile.lock. Run 'pod install' or update your CocoaPods installation.\" >&2\n    exit 1\nfi\n# This output is used by Xcode 'outputs' to avoid re-running this script phase.\necho \"SUCCESS\" > \"${SCRIPT_OUTPUT_FILE_0}\"\n";
			showEnvVarsInLog = 0;
		};
/* End PBXShellScriptBuildPhase section */

/* Begin PBXSourcesBuildPhase section */
		0AEC5C1921F54F71006CEE45 /* Sources */ = {
			isa = PBXSourcesBuildPhase;
			buildActionMask = 2147483647;
			files = (
				0A4444362217032200F8D987 /* FirebaseData.swift in Sources */,
				0AEC5C2521F54F71006CEE45 /* MatchTableViewController.swift in Sources */,
				0A44442C2215FAE200F8D987 /* FirebaseParse.swift in Sources */,
				0A45DDAE221A02B500AE5303 /* MatchDetailViewController.swift in Sources */,
				0AEC5C2121F54F71006CEE45 /* AppDelegate.swift in Sources */,
				0A033BEF22126E7F00C27068 /* Team.swift in Sources */,
				0A44443A2217706300F8D987 /* NewMatchViewController.swift in Sources */,
				0A033C0B22139E0B00C27068 /* AddCompetitionViewController.swift in Sources */,
				0A033BF92212711F00C27068 /* ScoutingData.swift in Sources */,
				0A033BF522126FCF00C27068 /* Match.swift in Sources */,
				0A8AA300220008D800E24F01 /* TeamDetailViewController.swift in Sources */,
				0A4444412218767100F8D987 /* Path.swift in Sources */,
				0A033BF72212709C00C27068 /* ScoutingTeam.swift in Sources */,
				0A033C0F2213B5B900C27068 /* TOAGrab.swift in Sources */,
				0A033BF322126F4300C27068 /* Member.swift in Sources */,
				0A44443E221852F000F8D987 /* TeamSelectViewController.swift in Sources */,
				0A8AA2FC220008C900E24F01 /* ScoutViewController.swift in Sources */,
				0A44442A2215E63400F8D987 /* EncodableExt.swift in Sources */,
				0A033C122213C8A600C27068 /* NewTeamViewController.swift in Sources */,
				0A45DDB6221BB53A00AE5303 /* TeamAnalysisList.swift in Sources */,
				0A44443422165DF600F8D987 /* FirebaseGrab.swift in Sources */,
				0A45DDB3221BB33C00AE5303 /* AnalysisViewController.swift in Sources */,
				0AEC5C2321F54F71006CEE45 /* TeamsViewController.swift in Sources */,
				0A8AA2F8220008BA00E24F01 /* InitScoutViewController.swift in Sources */,
				0A033C0722139DE700C27068 /* CompetitionTableViewController.swift in Sources */,
				0A033C0122138FD600C27068 /* LoginViewController.swift in Sources */,
				0A033BF122126F3500C27068 /* Competition.swift in Sources */,
			);
			runOnlyForDeploymentPostprocessing = 0;
		};
/* End PBXSourcesBuildPhase section */

/* Begin PBXVariantGroup section */
		0AEC5C2621F54F71006CEE45 /* Main.storyboard */ = {
			isa = PBXVariantGroup;
			children = (
				0AEC5C2721F54F71006CEE45 /* Base */,
			);
			name = Main.storyboard;
			sourceTree = "<group>";
		};
		0AEC5C2B21F54F73006CEE45 /* LaunchScreen.storyboard */ = {
			isa = PBXVariantGroup;
			children = (
				0AEC5C2C21F54F73006CEE45 /* Base */,
			);
			name = LaunchScreen.storyboard;
			sourceTree = "<group>";
		};
/* End PBXVariantGroup section */

/* Begin XCBuildConfiguration section */
		0AEC5C2F21F54F73006CEE45 /* Debug */ = {
			isa = XCBuildConfiguration;
			buildSettings = {
				ALWAYS_SEARCH_USER_PATHS = NO;
				CLANG_ANALYZER_NONNULL = YES;
				CLANG_ANALYZER_NUMBER_OBJECT_CONVERSION = YES_AGGRESSIVE;
				CLANG_CXX_LANGUAGE_STANDARD = "gnu++14";
				CLANG_CXX_LIBRARY = "libc++";
				CLANG_ENABLE_MODULES = YES;
				CLANG_ENABLE_OBJC_ARC = YES;
				CLANG_ENABLE_OBJC_WEAK = YES;
				CLANG_WARN_BLOCK_CAPTURE_AUTORELEASING = YES;
				CLANG_WARN_BOOL_CONVERSION = YES;
				CLANG_WARN_COMMA = YES;
				CLANG_WARN_CONSTANT_CONVERSION = YES;
				CLANG_WARN_DEPRECATED_OBJC_IMPLEMENTATIONS = YES;
				CLANG_WARN_DIRECT_OBJC_ISA_USAGE = YES_ERROR;
				CLANG_WARN_DOCUMENTATION_COMMENTS = YES;
				CLANG_WARN_EMPTY_BODY = YES;
				CLANG_WARN_ENUM_CONVERSION = YES;
				CLANG_WARN_INFINITE_RECURSION = YES;
				CLANG_WARN_INT_CONVERSION = YES;
				CLANG_WARN_NON_LITERAL_NULL_CONVERSION = YES;
				CLANG_WARN_OBJC_IMPLICIT_RETAIN_SELF = YES;
				CLANG_WARN_OBJC_LITERAL_CONVERSION = YES;
				CLANG_WARN_OBJC_ROOT_CLASS = YES_ERROR;
				CLANG_WARN_RANGE_LOOP_ANALYSIS = YES;
				CLANG_WARN_STRICT_PROTOTYPES = YES;
				CLANG_WARN_SUSPICIOUS_MOVE = YES;
				CLANG_WARN_UNGUARDED_AVAILABILITY = YES_AGGRESSIVE;
				CLANG_WARN_UNREACHABLE_CODE = YES;
				CLANG_WARN__DUPLICATE_METHOD_MATCH = YES;
				CODE_SIGN_IDENTITY = "iPhone Developer";
				COPY_PHASE_STRIP = NO;
				DEBUG_INFORMATION_FORMAT = dwarf;
				ENABLE_STRICT_OBJC_MSGSEND = YES;
				ENABLE_TESTABILITY = YES;
				GCC_C_LANGUAGE_STANDARD = gnu11;
				GCC_DYNAMIC_NO_PIC = NO;
				GCC_NO_COMMON_BLOCKS = YES;
				GCC_OPTIMIZATION_LEVEL = 0;
				GCC_PREPROCESSOR_DEFINITIONS = (
					"DEBUG=1",
					"$(inherited)",
				);
				GCC_WARN_64_TO_32_BIT_CONVERSION = YES;
				GCC_WARN_ABOUT_RETURN_TYPE = YES_ERROR;
				GCC_WARN_UNDECLARED_SELECTOR = YES;
				GCC_WARN_UNINITIALIZED_AUTOS = YES_AGGRESSIVE;
				GCC_WARN_UNUSED_FUNCTION = YES;
				GCC_WARN_UNUSED_VARIABLE = YES;
				IPHONEOS_DEPLOYMENT_TARGET = 12.1;
				MTL_ENABLE_DEBUG_INFO = INCLUDE_SOURCE;
				MTL_FAST_MATH = YES;
				ONLY_ACTIVE_ARCH = YES;
				SDKROOT = iphoneos;
				SWIFT_ACTIVE_COMPILATION_CONDITIONS = DEBUG;
				SWIFT_OPTIMIZATION_LEVEL = "-Onone";
			};
			name = Debug;
		};
		0AEC5C3021F54F73006CEE45 /* Release */ = {
			isa = XCBuildConfiguration;
			buildSettings = {
				ALWAYS_SEARCH_USER_PATHS = NO;
				CLANG_ANALYZER_NONNULL = YES;
				CLANG_ANALYZER_NUMBER_OBJECT_CONVERSION = YES_AGGRESSIVE;
				CLANG_CXX_LANGUAGE_STANDARD = "gnu++14";
				CLANG_CXX_LIBRARY = "libc++";
				CLANG_ENABLE_MODULES = YES;
				CLANG_ENABLE_OBJC_ARC = YES;
				CLANG_ENABLE_OBJC_WEAK = YES;
				CLANG_WARN_BLOCK_CAPTURE_AUTORELEASING = YES;
				CLANG_WARN_BOOL_CONVERSION = YES;
				CLANG_WARN_COMMA = YES;
				CLANG_WARN_CONSTANT_CONVERSION = YES;
				CLANG_WARN_DEPRECATED_OBJC_IMPLEMENTATIONS = YES;
				CLANG_WARN_DIRECT_OBJC_ISA_USAGE = YES_ERROR;
				CLANG_WARN_DOCUMENTATION_COMMENTS = YES;
				CLANG_WARN_EMPTY_BODY = YES;
				CLANG_WARN_ENUM_CONVERSION = YES;
				CLANG_WARN_INFINITE_RECURSION = YES;
				CLANG_WARN_INT_CONVERSION = YES;
				CLANG_WARN_NON_LITERAL_NULL_CONVERSION = YES;
				CLANG_WARN_OBJC_IMPLICIT_RETAIN_SELF = YES;
				CLANG_WARN_OBJC_LITERAL_CONVERSION = YES;
				CLANG_WARN_OBJC_ROOT_CLASS = YES_ERROR;
				CLANG_WARN_RANGE_LOOP_ANALYSIS = YES;
				CLANG_WARN_STRICT_PROTOTYPES = YES;
				CLANG_WARN_SUSPICIOUS_MOVE = YES;
				CLANG_WARN_UNGUARDED_AVAILABILITY = YES_AGGRESSIVE;
				CLANG_WARN_UNREACHABLE_CODE = YES;
				CLANG_WARN__DUPLICATE_METHOD_MATCH = YES;
				CODE_SIGN_IDENTITY = "iPhone Developer";
				COPY_PHASE_STRIP = NO;
				DEBUG_INFORMATION_FORMAT = "dwarf-with-dsym";
				ENABLE_NS_ASSERTIONS = NO;
				ENABLE_STRICT_OBJC_MSGSEND = YES;
				GCC_C_LANGUAGE_STANDARD = gnu11;
				GCC_NO_COMMON_BLOCKS = YES;
				GCC_WARN_64_TO_32_BIT_CONVERSION = YES;
				GCC_WARN_ABOUT_RETURN_TYPE = YES_ERROR;
				GCC_WARN_UNDECLARED_SELECTOR = YES;
				GCC_WARN_UNINITIALIZED_AUTOS = YES_AGGRESSIVE;
				GCC_WARN_UNUSED_FUNCTION = YES;
				GCC_WARN_UNUSED_VARIABLE = YES;
				IPHONEOS_DEPLOYMENT_TARGET = 12.1;
				MTL_ENABLE_DEBUG_INFO = NO;
				MTL_FAST_MATH = YES;
				SDKROOT = iphoneos;
				SWIFT_COMPILATION_MODE = wholemodule;
				SWIFT_OPTIMIZATION_LEVEL = "-O";
				VALIDATE_PRODUCT = YES;
			};
			name = Release;
		};
		0AEC5C3221F54F73006CEE45 /* Debug */ = {
			isa = XCBuildConfiguration;
			baseConfigurationReference = 39AF6AA7BA8A8E3EA0240D9E /* Pods-JavaScouting2019.debug.xcconfig */;
			buildSettings = {
				ASSETCATALOG_COMPILER_APPICON_NAME = AppIcon;
				CODE_SIGN_STYLE = Automatic;
				DEVELOPMENT_TEAM = 8G3CJYLSRQ;
				INFOPLIST_FILE = JavaScouting2019/Info.plist;
				LD_RUNPATH_SEARCH_PATHS = (
					"$(inherited)",
					"@executable_path/Frameworks",
				);
				PRODUCT_BUNDLE_IDENTIFIER = org.JavaScouts.JavaScouting2019;
				PRODUCT_NAME = "$(TARGET_NAME)";
				SWIFT_VERSION = 4.2;
				TARGETED_DEVICE_FAMILY = "1,2";
			};
			name = Debug;
		};
		0AEC5C3321F54F73006CEE45 /* Release */ = {
			isa = XCBuildConfiguration;
			baseConfigurationReference = DAFBB98DFA31AE544FA84BB3 /* Pods-JavaScouting2019.release.xcconfig */;
			buildSettings = {
				ASSETCATALOG_COMPILER_APPICON_NAME = AppIcon;
				CODE_SIGN_STYLE = Automatic;
				DEVELOPMENT_TEAM = 8G3CJYLSRQ;
				INFOPLIST_FILE = JavaScouting2019/Info.plist;
				LD_RUNPATH_SEARCH_PATHS = (
					"$(inherited)",
					"@executable_path/Frameworks",
				);
				PRODUCT_BUNDLE_IDENTIFIER = org.JavaScouts.JavaScouting2019;
				PRODUCT_NAME = "$(TARGET_NAME)";
				SWIFT_VERSION = 4.2;
				TARGETED_DEVICE_FAMILY = "1,2";
			};
			name = Release;
		};
/* End XCBuildConfiguration section */

/* Begin XCConfigurationList section */
		0AEC5C1821F54F71006CEE45 /* Build configuration list for PBXProject "JavaScouting2019" */ = {
			isa = XCConfigurationList;
			buildConfigurations = (
				0AEC5C2F21F54F73006CEE45 /* Debug */,
				0AEC5C3021F54F73006CEE45 /* Release */,
			);
			defaultConfigurationIsVisible = 0;
			defaultConfigurationName = Release;
		};
		0AEC5C3121F54F73006CEE45 /* Build configuration list for PBXNativeTarget "JavaScouting2019" */ = {
			isa = XCConfigurationList;
			buildConfigurations = (
				0AEC5C3221F54F73006CEE45 /* Debug */,
				0AEC5C3321F54F73006CEE45 /* Release */,
			);
			defaultConfigurationIsVisible = 0;
			defaultConfigurationName = Release;
		};
/* End XCConfigurationList section */
	};
	rootObject = 0AEC5C1521F54F71006CEE45 /* Project object */;
}
